
Microsoft Visual Studio Solution File, Format Version 12.00
# Visual Studio Version 16
VisualStudioVersion = 16.0.30406.217
MinimumVisualStudioVersion = 10.0.40219.1
Project("{FAE04EC0-301F-11D3-BF4B-00C04F79EFBC}") = "AppTokenCSharpExample", "AppTokenCSharpExample\AppTokenCSharpExample.csproj", "{6FE575AA-DA3D-479B-9DC9-24DA9BE4D102}"
EndProject
Global
	GlobalSection(SolutionConfigurationPlatforms) = preSolution
		Debug|Any CPU = Debug|Any CPU
		Release|Any CPU = Release|Any CPU
	EndGlobalSection
	GlobalSection(ProjectConfigurationPlatforms) = postSolution
		{6FE575AA-DA3D-479B-9DC9-24DA9BE4D102}.Debug|Any CPU.ActiveCfg = Debug|Any CPU
		{6FE575AA-DA3D-479B-9DC9-24DA9BE4D102}.Debug|Any CPU.Build.0 = Debug|Any CPU
		{6FE575AA-DA3D-479B-9DC9-24DA9BE4D102}.Release|Any CPU.ActiveCfg = Release|Any CPU
		{6FE575AA-DA3D-479B-9DC9-24DA9BE4D102}.Release|Any CPU.Build.0 = Release|Any CPU
	EndGlobalSection
	GlobalSection(SolutionProperties) = preSolution
		HideSolutionNode = FALSE
	EndGlobalSection
	GlobalSection(ExtensibilityGlobals) = postSolution
		SolutionGuid = {E98A6B70-0C32-42B8-BBF4-BDF8824F674C}
	EndGlobalSection
EndGlobal
